# THIS IS AN AUTOGENERATED FILE. DO NOT EDIT THIS FILE DIRECTLY.
# yarn lockfile v1


"@zoroaster/assert@^1.0.2":
  version "1.0.2"
  resolved "https://registry.yarnpkg.com/@zoroaster/assert/-/assert-1.0.2.tgz#8ffe2ebb10c81d570d4965080f942af688321a1f"
  integrity sha512-5C0LDzW8DkiSSCLyYO9ux3R5ru65yEn/GtxH1wh7ukRhLAZ/Svx4+A81YvciXcn35B2VmvCqyiTrhNdxdgusSw==

"@zoroaster/mask@^2.1.1":
  version "2.2.0"
  resolved "https://registry.yarnpkg.com/@zoroaster/mask/-/mask-2.2.0.tgz#fecdcb6f863440519b91b51f09549b1e981e84da"
  integrity sha512-/k9B/ofxE4x9Vs6EOjXQjcsltraJzNLg/uxEwzfCZUN+foiJxK/j+YBiyJmN3Gwpnry2D3Qs0D3Qm+SMkLqkTg==

alamode@^2.1.2, alamode@^2.4.0:
  version "2.4.0"
  resolved "https://registry.yarnpkg.com/alamode/-/alamode-2.4.0.tgz#f774e808acb214f93a890c139ad7819e05d8f1b2"
  integrity sha512-SpZICdlHLK+9uRVkJEJlqPMlvbE03B28TtCzwBNfjLzc7hAZVghzlOn4lSUQLYXK06/4ae7GxLMn7eXMCSkiRw==

catchment@^1.0.0:
  version "1.0.0"
  resolved "https://registry.yarnpkg.com/catchment/-/catchment-1.0.0.tgz#3061f71be0102710be84328d2f94363a165f8c4b"
  integrity sha1-MGH3G+AQJxC+hDKNL5Q2OhZfjEs=

documentary@^1.32.1:
  version "1.32.1"
  resolved "https://registry.yarnpkg.com/documentary/-/documentary-1.32.1.tgz#0efe3888b335dc6bddf2739c85be54d592c30411"
  integrity sha512-pHjReOglL+DrOhPRDiO1SHKI2IOS5EZ4Qc8yiJnlyt+fvFBdtYYLxyfvoziXwaCduHnNuiYO7rLnz37jishZZA==
  dependencies:
    alamode "^2.4.0"
    preact "8.5.1"
    typal "^1.22.0"

eslint-config-artdeco@1.0.1:
  version "1.0.1"
  resolved "https://registry.yarnpkg.com/eslint-config-artdeco/-/eslint-config-artdeco-1.0.1.tgz#4451c9d0ed1ce4d33dfd43a6315f12c8bfb04274"
  integrity sha1-RFHJ0O0c5NM9/UOmMV8SyL+wQnQ=

preact@8.5.1:
  version "8.5.1"
  resolved "https://registry.yarnpkg.com/preact/-/preact-8.5.1.tgz#3a86cf5f3d4f6eb3349fa1f106ad59756c2af0e3"
  integrity sha512-YVnCgcboxGrorFVIPjViqkEPOtfYVDxn5GOJuXHQZiOty+JOw7A+1xJytv/mb1O2QIIRC0SyT+kapA7Wj3jdZA==

spawncommand@1.1.0:
  version "1.1.0"
  resolved "https://registry.yarnpkg.com/spawncommand/-/spawncommand-1.1.0.tgz#80a56ed3c06ab3b91643cf3f6cef38bf582fdb15"
  integrity sha1-gKVu08Bqs7kWQ88/bO84v1gv2xU=
  dependencies:
    catchment "^1.0.0"

typal@^1.22.0:
  version "1.22.0"
  resolved "https://registry.yarnpkg.com/typal/-/typal-1.22.0.tgz#2d177cccdf77c2905fb8a16ba2d54d38974d0f67"
  integrity sha512-5FE5PE2USsSMkjStHbzCAXBznQBrcJD8oIZFIpYYwikIZCSJpiJ4HaaJ8KqzNS0KpYU2KmFNDmwANvJMlVZ3cw==

yarn-s@1.1.0:
  version "1.1.0"
  resolved "https://registry.yarnpkg.com/yarn-s/-/yarn-s-1.1.0.tgz#8c65555d7c7ccb5a61e18440b8b0e4cb48b76b9d"
  integrity sha1-jGVVXXx8y1ph4YRAuLDky0i3a50=
  dependencies:
    spawncommand "1.1.0"

zoroaster@^4.1.1-alpha:
  version "4.1.1-alpha"
  resolved "https://registry.yarnpkg.com/zoroaster/-/zoroaster-4.1.1-alpha.tgz#06dbfc3f903edd3b46612200f108406a91d5d0ed"
  integrity sha512-p2mIXQhKGmaxFQdWSyNYAqK3gdtwBJhjgjOBX64L2rNJiZF7P9qCpY0ryY+BdJMORC4JuerJwihAsPgef2rHZw==
  dependencies:
    "@zoroaster/assert" "^1.0.2"
    "@zoroaster/mask" "^2.1.1"
    alamode "^2.1.2"
