# THIS IS AN AUTOGENERATED FILE. DO NOT EDIT THIS FILE DIRECTLY.
# yarn lockfile v1


"@zoroaster/assert@^1.0.2":
  version "1.0.2"
  resolved "https://registry.yarnpkg.com/@zoroaster/assert/-/assert-1.0.2.tgz#8ffe2ebb10c81d570d4965080f942af688321a1f"
  integrity sha512-5C0LDzW8DkiSSCLyYO9ux3R5ru65yEn/GtxH1wh7ukRhLAZ/Svx4+A81YvciXcn35B2VmvCqyiTrhNdxdgusSw==

"@zoroaster/mask@^2.5.0":
  version "2.6.1"
  resolved "https://registry.yarnpkg.com/@zoroaster/mask/-/mask-2.6.1.tgz#bbb2c2a43e126e1fcb5de0a0c37192f1f7cc426e"
  integrity sha512-KTHuxgzt8cQCs53H/EEWc3MaPVNyZXrcTYGLY7soiIBJiAsTpBJezCEsWn14Qhrf0UTVGI6EDE0SYQS9hfSjVg==

alamode@^3.3.3, alamode@^3.5.0, alamode@^3.5.2:
  version "3.5.2"
  resolved "https://registry.yarnpkg.com/alamode/-/alamode-3.5.2.tgz#0d6fd9a4bbfaf3ecc488d636264c480a825e9bd4"
  integrity sha512-lKEFyLAYj6I6WURR7YYaclGpQNPwCoPYkbYZSl5vka9n15cfZlSbPkrzivB6F6IXEkAtt7jGAl60V3qyPTEwdQ==

documentary@^1.37.0:
  version "1.37.0"
  resolved "https://registry.yarnpkg.com/documentary/-/documentary-1.37.0.tgz#901039214974d6e77c41ea2680ecfec14d82442f"
  integrity sha512-6ENYPKOY4AW/qPjZdTyQMtDow73IuYGrFBj+PtoUvWB4XRok7OvoqZeDROoLK1158uJEjJCoLOkcjaKnOPdXhQ==
  dependencies:
    alamode "^3.5.0"
    preact "8.5.3"
    typal "^1.26.2"

eslint-config-artdeco@1.0.1:
  version "1.0.1"
  resolved "https://registry.yarnpkg.com/eslint-config-artdeco/-/eslint-config-artdeco-1.0.1.tgz#4451c9d0ed1ce4d33dfd43a6315f12c8bfb04274"
  integrity sha1-RFHJ0O0c5NM9/UOmMV8SyL+wQnQ=

preact@8.5.3:
  version "8.5.3"
  resolved "https://registry.yarnpkg.com/preact/-/preact-8.5.3.tgz#78c2a5562fcecb1fed1d0055fa4ac1e27bde17c1"
  integrity sha512-O3kKP+1YdgqHOFsZF2a9JVdtqD+RPzCQc3rP+Ualf7V6rmRDchZ9MJbiGTT7LuyqFKZqlHSOyO/oMFmI2lVTsw==

typal@^1.26.2:
  version "1.26.2"
  resolved "https://registry.yarnpkg.com/typal/-/typal-1.26.2.tgz#081ae64710cdb2ccb593280a874372f945182c7f"
  integrity sha512-ljiVBveC6U4a83g0NBGW2JaYHT7bsUitxYtaznQAHppGgG8XScx4oZjd6zaqv0QpfOb6MMmqrMLGuGG2xl/xgw==

yarn-s@1.2.3:
  version "1.2.3"
  resolved "https://registry.yarnpkg.com/yarn-s/-/yarn-s-1.2.3.tgz#ec8fac3bca62c4c970b7e88eef98a5f01c421dab"
  integrity sha512-XNV6KYcT6LCLlogwbArTrn8wlqYVnlR+MqAZULxNVaShw7qrBx5PjsNSIMbKFIRxPKdjisv7O8oBg9mWY63Tvw==

zoroaster@^4.3.0:
  version "4.3.0"
  resolved "https://registry.yarnpkg.com/zoroaster/-/zoroaster-4.3.0.tgz#fd234d249471cb3100fc71e92d6d275ed3059c11"
  integrity sha512-OGZuacxTM6TT8n/wCcDTO7p8mAioBxztTofXqh6ck2tJ3UNFdlKN1UYwU2V6go+v4/tH8jZE1jf+sIMFrH4RkA==
  dependencies:
    "@zoroaster/assert" "^1.0.2"
    "@zoroaster/mask" "^2.5.0"
    alamode "^3.3.3"
